
Microsoft Visual Studio Solution File, Format Version 12.00
# Visual Studio Version 17
VisualStudioVersion = 17.6.33815.320
MinimumVisualStudioVersion = 10.0.40219.1
Project("{FAE04EC0-301F-11D3-BF4B-00C04F79EFBC}") = "NewsAggregator23", "NewsAggregator23.csproj", "{9B6D6018-3E99-4E9F-AD9E-83ED50478571}"
EndProject
Global
	GlobalSection(SolutionConfigurationPlatforms) = preSolution
		Debug|Any CPU = Debug|Any CPU
		Release|Any CPU = Release|Any CPU
	EndGlobalSection
	GlobalSection(ProjectConfigurationPlatforms) = postSolution
		{9B6D6018-3E99-4E9F-AD9E-83ED50478571}.Debug|Any CPU.ActiveCfg = Debug|Any CPU
		{9B6D6018-3E99-4E9F-AD9E-83ED50478571}.Debug|Any CPU.Build.0 = Debug|Any CPU
		{9B6D6018-3E99-4E9F-AD9E-83ED50478571}.Release|Any CPU.ActiveCfg = Release|Any CPU
		{9B6D6018-3E99-4E9F-AD9E-83ED50478571}.Release|Any CPU.Build.0 = Release|Any CPU
	EndGlobalSection
	GlobalSection(SolutionProperties) = preSolution
		HideSolutionNode = FALSE
	EndGlobalSection
	GlobalSection(ExtensibilityGlobals) = postSolution
		SolutionGuid = {282E39CC-2F62-4E57-937D-734C9C3843D5}
	EndGlobalSection
EndGlobal
